
Microsoft Visual Studio Solution File, Format Version 12.00
# Visual Studio Version 17
VisualStudioVersion = 17.0.31612.314
MinimumVisualStudioVersion = 10.0.40219.1
Project("{9A19103F-16F7-4668-BE54-9A1E7A4F7556}") = "Stefanini.GitHub.Core", "Stefanini.GitHub.Core\Stefanini.GitHub.Core.csproj", "{8CBAD29F-09FE-4C0E-989D-7336E3D9A6D5}"
EndProject
Project("{9A19103F-16F7-4668-BE54-9A1E7A4F7556}") = "Stefanini.Core", "Stefanini.Core\Stefanini.Core.csproj", "{0F5002C5-6D65-4AD4-B2F2-BA9851EEA157}"
EndProject
Project("{9A19103F-16F7-4668-BE54-9A1E7A4F7556}") = "Stefanini.GitHub.Web", "Stefanini.GitHub.Web\Stefanini.GitHub.Web.csproj", "{7C43C2E6-ED05-4C1F-B902-A2B01B339A32}"
EndProject
Project("{9A19103F-16F7-4668-BE54-9A1E7A4F7556}") = "Stefanini.ViaReport", "Stefanini.ViaReport\Stefanini.ViaReport.csproj", "{3BC74271-ACFC-4080-9357-E16507CA9877}"
EndProject
Project("{9A19103F-16F7-4668-BE54-9A1E7A4F7556}") = "Stefanini.ViaReport.Core", "Stefanini.ViaReport.Core\Stefanini.ViaReport.Core.csproj", "{BA0ECF9F-1757-4A4F-AEA5-809179137F89}"
EndProject
Project("{9A19103F-16F7-4668-BE54-9A1E7A4F7556}") = "Stefanini.ViaReport.Updater", "Stefanini.ViaReport.Updater\Stefanini.ViaReport.Updater.csproj", "{7169C8B1-EE0F-49CC-80CE-46C867999642}"
EndProject
Project("{9A19103F-16F7-4668-BE54-9A1E7A4F7556}") = "Stefanini.ViaReport.Updater.Core", "Stefanini.ViaReport.Updater.Core\Stefanini.ViaReport.Updater.Core.csproj", "{B461B7C2-D67F-45A6-B9DB-D8B9BBA928F1}"
EndProject
Project("{9A19103F-16F7-4668-BE54-9A1E7A4F7556}") = "Stefanini.Core.Tests", "Stefanini.Core.Tests\Stefanini.Core.Tests.csproj", "{35B2D313-77E4-45B4-900C-37324A06033F}"
EndProject
Project("{9A19103F-16F7-4668-BE54-9A1E7A4F7556}") = "Stefanini.ViaReport.Core.Tests", "Stefanini.ViaReport.Core.Tests\Stefanini.ViaReport.Core.Tests.csproj", "{CE8D8B09-82EE-431F-84A3-EDD151DDA86F}"
EndProject
Project("{9A19103F-16F7-4668-BE54-9A1E7A4F7556}") = "Stefanini.ViaReport.Updater.Core.Tests", "Stefanini.ViaReport.Updater.Core.Tests\Stefanini.ViaReport.Updater.Core.Tests.csproj", "{61BEEF5B-1E11-412D-AEEB-85B17BCEEF8D}"
EndProject
Global
	GlobalSection(SolutionConfigurationPlatforms) = preSolution
		Debug|Any CPU = Debug|Any CPU
		Release|Any CPU = Release|Any CPU
	EndGlobalSection
	GlobalSection(ProjectConfigurationPlatforms) = postSolution
		{8CBAD29F-09FE-4C0E-989D-7336E3D9A6D5}.Debug|Any CPU.ActiveCfg = Debug|Any CPU
		{8CBAD29F-09FE-4C0E-989D-7336E3D9A6D5}.Debug|Any CPU.Build.0 = Debug|Any CPU
		{8CBAD29F-09FE-4C0E-989D-7336E3D9A6D5}.Release|Any CPU.ActiveCfg = Release|Any CPU
		{8CBAD29F-09FE-4C0E-989D-7336E3D9A6D5}.Release|Any CPU.Build.0 = Release|Any CPU
		{0F5002C5-6D65-4AD4-B2F2-BA9851EEA157}.Debug|Any CPU.ActiveCfg = Debug|Any CPU
		{0F5002C5-6D65-4AD4-B2F2-BA9851EEA157}.Debug|Any CPU.Build.0 = Debug|Any CPU
		{0F5002C5-6D65-4AD4-B2F2-BA9851EEA157}.Release|Any CPU.ActiveCfg = Release|Any CPU
		{0F5002C5-6D65-4AD4-B2F2-BA9851EEA157}.Release|Any CPU.Build.0 = Release|Any CPU
		{7C43C2E6-ED05-4C1F-B902-A2B01B339A32}.Debug|Any CPU.ActiveCfg = Debug|Any CPU
		{7C43C2E6-ED05-4C1F-B902-A2B01B339A32}.Debug|Any CPU.Build.0 = Debug|Any CPU
		{7C43C2E6-ED05-4C1F-B902-A2B01B339A32}.Release|Any CPU.ActiveCfg = Release|Any CPU
		{7C43C2E6-ED05-4C1F-B902-A2B01B339A32}.Release|Any CPU.Build.0 = Release|Any CPU
		{3BC74271-ACFC-4080-9357-E16507CA9877}.Debug|Any CPU.ActiveCfg = Debug|Any CPU
		{3BC74271-ACFC-4080-9357-E16507CA9877}.Debug|Any CPU.Build.0 = Debug|Any CPU
		{3BC74271-ACFC-4080-9357-E16507CA9877}.Release|Any CPU.ActiveCfg = Release|Any CPU
		{3BC74271-ACFC-4080-9357-E16507CA9877}.Release|Any CPU.Build.0 = Release|Any CPU
		{BA0ECF9F-1757-4A4F-AEA5-809179137F89}.Debug|Any CPU.ActiveCfg = Debug|Any CPU
		{BA0ECF9F-1757-4A4F-AEA5-809179137F89}.Debug|Any CPU.Build.0 = Debug|Any CPU
		{BA0ECF9F-1757-4A4F-AEA5-809179137F89}.Release|Any CPU.ActiveCfg = Release|Any CPU
		{BA0ECF9F-1757-4A4F-AEA5-809179137F89}.Release|Any CPU.Build.0 = Release|Any CPU
		{7169C8B1-EE0F-49CC-80CE-46C867999642}.Debug|Any CPU.ActiveCfg = Debug|Any CPU
		{7169C8B1-EE0F-49CC-80CE-46C867999642}.Debug|Any CPU.Build.0 = Debug|Any CPU
		{7169C8B1-EE0F-49CC-80CE-46C867999642}.Release|Any CPU.ActiveCfg = Release|Any CPU
		{7169C8B1-EE0F-49CC-80CE-46C867999642}.Release|Any CPU.Build.0 = Release|Any CPU
		{B461B7C2-D67F-45A6-B9DB-D8B9BBA928F1}.Debug|Any CPU.ActiveCfg = Debug|Any CPU
		{B461B7C2-D67F-45A6-B9DB-D8B9BBA928F1}.Debug|Any CPU.Build.0 = Debug|Any CPU
		{B461B7C2-D67F-45A6-B9DB-D8B9BBA928F1}.Release|Any CPU.ActiveCfg = Release|Any CPU
		{B461B7C2-D67F-45A6-B9DB-D8B9BBA928F1}.Release|Any CPU.Build.0 = Release|Any CPU
		{35B2D313-77E4-45B4-900C-37324A06033F}.Debug|Any CPU.ActiveCfg = Debug|Any CPU
		{35B2D313-77E4-45B4-900C-37324A06033F}.Debug|Any CPU.Build.0 = Debug|Any CPU
		{35B2D313-77E4-45B4-900C-37324A06033F}.Release|Any CPU.ActiveCfg = Release|Any CPU
		{35B2D313-77E4-45B4-900C-37324A06033F}.Release|Any CPU.Build.0 = Release|Any CPU
		{CE8D8B09-82EE-431F-84A3-EDD151DDA86F}.Debug|Any CPU.ActiveCfg = Debug|Any CPU
		{CE8D8B09-82EE-431F-84A3-EDD151DDA86F}.Debug|Any CPU.Build.0 = Debug|Any CPU
		{CE8D8B09-82EE-431F-84A3-EDD151DDA86F}.Release|Any CPU.ActiveCfg = Release|Any CPU
		{CE8D8B09-82EE-431F-84A3-EDD151DDA86F}.Release|Any CPU.Build.0 = Release|Any CPU
		{61BEEF5B-1E11-412D-AEEB-85B17BCEEF8D}.Debug|Any CPU.ActiveCfg = Debug|Any CPU
		{61BEEF5B-1E11-412D-AEEB-85B17BCEEF8D}.Debug|Any CPU.Build.0 = Debug|Any CPU
		{61BEEF5B-1E11-412D-AEEB-85B17BCEEF8D}.Release|Any CPU.ActiveCfg = Release|Any CPU
		{61BEEF5B-1E11-412D-AEEB-85B17BCEEF8D}.Release|Any CPU.Build.0 = Release|Any CPU
	EndGlobalSection
	GlobalSection(SolutionProperties) = preSolution
		HideSolutionNode = FALSE
	EndGlobalSection
	GlobalSection(ExtensibilityGlobals) = postSolution
		SolutionGuid = {B935071A-2636-4CEF-A139-ACD1910F8208}
	EndGlobalSection
EndGlobal
